{
  "name": "definition-hack-front-p5js",
  "version": "1.0.0",
  "lockfileVersion": 2,
  "requires": true,
  "packages": {
    "": {
      "name": "definition-hack-front-p5js",
      "version": "1.0.0",
      "license": "ISC",
      "dependencies": {
        "everscale-inpage-provider": "^0.3.9"
      }
    },
    "node_modules/everscale-inpage-provider": {
      "version": "0.3.9",
      "resolved": "https://registry.npmjs.org/everscale-inpage-provider/-/everscale-inpage-provider-0.3.9.tgz",
      "integrity": "sha512-2uy8GjM5o/6bw+P+iqN/h7yDN1x6OHIMgWOTWenElZRcZ9076ULwDUEbTTji5gQYMj7tFYdpf2E/UsH1UcSRZQ=="
    }
  },
  "dependencies": {
    "everscale-inpage-provider": {
      "version": "0.3.9",
      "resolved": "https://registry.npmjs.org/everscale-inpage-provider/-/everscale-inpage-provider-0.3.9.tgz",
      "integrity": "sha512-2uy8GjM5o/6bw+P+iqN/h7yDN1x6OHIMgWOTWenElZRcZ9076ULwDUEbTTji5gQYMj7tFYdpf2E/UsH1UcSRZQ=="
    }
  }
}
